
Microsoft Visual Studio Solution File, Format Version 12.00
# Visual Studio Version 16
VisualStudioVersion = 16.0.30114.105
MinimumVisualStudioVersion = 10.0.40219.1
Project("{2150E333-8FDC-42A3-9474-1A3956D46DE8}") = "src", "src", "{888FA27D-B86D-48C5-AC5B-B6B65479C555}"
EndProject
Project("{F2A71F9B-5D33-465A-A702-920D77279786}") = "malflib", "src\malflib\malflib.fsproj", "{02B25AC5-F0A1-4CC3-B9A6-2651C04473FD}"
EndProject
Project("{F2A71F9B-5D33-465A-A702-920D77279786}") = "malfcli", "src\malfcli\malfcli.fsproj", "{0CEFD997-F918-4F6D-9707-7A5A4E5A5908}"
EndProject
Project("{F2A71F9B-5D33-465A-A702-920D77279786}") = "malfcli.step1_read_print", "src\malfcli\malfcli.step1_read_print.fsproj", "{CEE848FD-AD3C-4FBA-BE6A-79DB22ED1779}"
EndProject
Global
	GlobalSection(SolutionConfigurationPlatforms) = preSolution
		Debug|Any CPU = Debug|Any CPU
		Debug|x64 = Debug|x64
		Debug|x86 = Debug|x86
		Release|Any CPU = Release|Any CPU
		Release|x64 = Release|x64
		Release|x86 = Release|x86
	EndGlobalSection
	GlobalSection(SolutionProperties) = preSolution
		HideSolutionNode = FALSE
	EndGlobalSection
	GlobalSection(ProjectConfigurationPlatforms) = postSolution
		{02B25AC5-F0A1-4CC3-B9A6-2651C04473FD}.Debug|Any CPU.ActiveCfg = Debug|Any CPU
		{02B25AC5-F0A1-4CC3-B9A6-2651C04473FD}.Debug|Any CPU.Build.0 = Debug|Any CPU
		{02B25AC5-F0A1-4CC3-B9A6-2651C04473FD}.Debug|x64.ActiveCfg = Debug|Any CPU
		{02B25AC5-F0A1-4CC3-B9A6-2651C04473FD}.Debug|x64.Build.0 = Debug|Any CPU
		{02B25AC5-F0A1-4CC3-B9A6-2651C04473FD}.Debug|x86.ActiveCfg = Debug|Any CPU
		{02B25AC5-F0A1-4CC3-B9A6-2651C04473FD}.Debug|x86.Build.0 = Debug|Any CPU
		{02B25AC5-F0A1-4CC3-B9A6-2651C04473FD}.Release|Any CPU.ActiveCfg = Release|Any CPU
		{02B25AC5-F0A1-4CC3-B9A6-2651C04473FD}.Release|Any CPU.Build.0 = Release|Any CPU
		{02B25AC5-F0A1-4CC3-B9A6-2651C04473FD}.Release|x64.ActiveCfg = Release|Any CPU
		{02B25AC5-F0A1-4CC3-B9A6-2651C04473FD}.Release|x64.Build.0 = Release|Any CPU
		{02B25AC5-F0A1-4CC3-B9A6-2651C04473FD}.Release|x86.ActiveCfg = Release|Any CPU
		{02B25AC5-F0A1-4CC3-B9A6-2651C04473FD}.Release|x86.Build.0 = Release|Any CPU
		{0CEFD997-F918-4F6D-9707-7A5A4E5A5908}.Debug|Any CPU.ActiveCfg = Debug|Any CPU
		{0CEFD997-F918-4F6D-9707-7A5A4E5A5908}.Debug|Any CPU.Build.0 = Debug|Any CPU
		{0CEFD997-F918-4F6D-9707-7A5A4E5A5908}.Debug|x64.ActiveCfg = Debug|Any CPU
		{0CEFD997-F918-4F6D-9707-7A5A4E5A5908}.Debug|x64.Build.0 = Debug|Any CPU
		{0CEFD997-F918-4F6D-9707-7A5A4E5A5908}.Debug|x86.ActiveCfg = Debug|Any CPU
		{0CEFD997-F918-4F6D-9707-7A5A4E5A5908}.Debug|x86.Build.0 = Debug|Any CPU
		{0CEFD997-F918-4F6D-9707-7A5A4E5A5908}.Release|Any CPU.ActiveCfg = Release|Any CPU
		{0CEFD997-F918-4F6D-9707-7A5A4E5A5908}.Release|Any CPU.Build.0 = Release|Any CPU
		{0CEFD997-F918-4F6D-9707-7A5A4E5A5908}.Release|x64.ActiveCfg = Release|Any CPU
		{0CEFD997-F918-4F6D-9707-7A5A4E5A5908}.Release|x64.Build.0 = Release|Any CPU
		{0CEFD997-F918-4F6D-9707-7A5A4E5A5908}.Release|x86.ActiveCfg = Release|Any CPU
		{0CEFD997-F918-4F6D-9707-7A5A4E5A5908}.Release|x86.Build.0 = Release|Any CPU
		{CEE848FD-AD3C-4FBA-BE6A-79DB22ED1779}.Debug|Any CPU.ActiveCfg = Debug|Any CPU
		{CEE848FD-AD3C-4FBA-BE6A-79DB22ED1779}.Debug|Any CPU.Build.0 = Debug|Any CPU
		{CEE848FD-AD3C-4FBA-BE6A-79DB22ED1779}.Debug|x64.ActiveCfg = Debug|Any CPU
		{CEE848FD-AD3C-4FBA-BE6A-79DB22ED1779}.Debug|x64.Build.0 = Debug|Any CPU
		{CEE848FD-AD3C-4FBA-BE6A-79DB22ED1779}.Debug|x86.ActiveCfg = Debug|Any CPU
		{CEE848FD-AD3C-4FBA-BE6A-79DB22ED1779}.Debug|x86.Build.0 = Debug|Any CPU
		{CEE848FD-AD3C-4FBA-BE6A-79DB22ED1779}.Release|Any CPU.ActiveCfg = Release|Any CPU
		{CEE848FD-AD3C-4FBA-BE6A-79DB22ED1779}.Release|Any CPU.Build.0 = Release|Any CPU
		{CEE848FD-AD3C-4FBA-BE6A-79DB22ED1779}.Release|x64.ActiveCfg = Release|Any CPU
		{CEE848FD-AD3C-4FBA-BE6A-79DB22ED1779}.Release|x64.Build.0 = Release|Any CPU
		{CEE848FD-AD3C-4FBA-BE6A-79DB22ED1779}.Release|x86.ActiveCfg = Release|Any CPU
		{CEE848FD-AD3C-4FBA-BE6A-79DB22ED1779}.Release|x86.Build.0 = Release|Any CPU
	EndGlobalSection
	GlobalSection(NestedProjects) = preSolution
		{02B25AC5-F0A1-4CC3-B9A6-2651C04473FD} = {888FA27D-B86D-48C5-AC5B-B6B65479C555}
		{0CEFD997-F918-4F6D-9707-7A5A4E5A5908} = {888FA27D-B86D-48C5-AC5B-B6B65479C555}
		{CEE848FD-AD3C-4FBA-BE6A-79DB22ED1779} = {888FA27D-B86D-48C5-AC5B-B6B65479C555}
	EndGlobalSection
EndGlobal
